
Microsoft Visual Studio Solution File, Format Version 12.00
# Blend for Visual Studio 15
VisualStudioVersion = 15.0.28307.329
MinimumVisualStudioVersion = 10.0.40219.1
Project("{FAE04EC0-301F-11D3-BF4B-00C04F79EFBC}") = "MyTimer", "MyTimer\MyTimer.csproj", "{8A0D4FFB-6116-4CE5-AC6A-0B6A419D7918}"
EndProject
Global
	GlobalSection(SolutionConfigurationPlatforms) = preSolution
		Debug|Any CPU = Debug|Any CPU
		Release|Any CPU = Release|Any CPU
	EndGlobalSection
	GlobalSection(ProjectConfigurationPlatforms) = postSolution
		{8A0D4FFB-6116-4CE5-AC6A-0B6A419D7918}.Debug|Any CPU.ActiveCfg = Debug|Any CPU
		{8A0D4FFB-6116-4CE5-AC6A-0B6A419D7918}.Debug|Any CPU.Build.0 = Debug|Any CPU
		{8A0D4FFB-6116-4CE5-AC6A-0B6A419D7918}.Release|Any CPU.ActiveCfg = Release|Any CPU
		{8A0D4FFB-6116-4CE5-AC6A-0B6A419D7918}.Release|Any CPU.Build.0 = Release|Any CPU
	EndGlobalSection
	GlobalSection(SolutionProperties) = preSolution
		HideSolutionNode = FALSE
	EndGlobalSection
	GlobalSection(ExtensibilityGlobals) = postSolution
		SolutionGuid = {B83DBFD9-3787-4243-B199-FA92B6B4824A}
	EndGlobalSection
EndGlobal
